
Microsoft Visual Studio Solution File, Format Version 11.00
# Visual Studio 2010
Project("{FAE04EC0-301F-11D3-BF4B-00C04F79EFBC}") = "thread-notify", "thread-notify.csproj", "{1ABE6341-1B3E-499D-9B04-93A2338224B6}"
EndProject
Global
	GlobalSection(SolutionConfigurationPlatforms) = preSolution
		Debug|x86 = Debug|x86
		Release|x86 = Release|x86
	EndGlobalSection
	GlobalSection(ProjectConfigurationPlatforms) = postSolution
		{1ABE6341-1B3E-499D-9B04-93A2338224B6}.Debug|x86.ActiveCfg = Debug|x86
		{1ABE6341-1B3E-499D-9B04-93A2338224B6}.Debug|x86.Build.0 = Debug|x86
		{1ABE6341-1B3E-499D-9B04-93A2338224B6}.Release|x86.ActiveCfg = Release|x86
		{1ABE6341-1B3E-499D-9B04-93A2338224B6}.Release|x86.Build.0 = Release|x86
	EndGlobalSection
	GlobalSection(MonoDevelopProperties) = preSolution
		StartupItem = thread-notify.csproj
	EndGlobalSection
EndGlobal
